// !$*UTF8*$!
{
	archiveVersion = 1;
	classes = {
	};
	objectVersion = 50;
	objects = {

/* Begin PBXBuildFile section */
		BE1C3859214C212200B53738 /* main.m in Sources */ = {isa = PBXBuildFile; fileRef = BE1C3858214C212200B53738 /* main.m */; };
		BE1C3861214C320E00B53738 /* InputHandler.m in Sources */ = {isa = PBXBuildFile; fileRef = BE1C385F214C320D00B53738 /* InputHandler.m */; };
		BE1C3864214C379300B53738 /* PaymentGateway.m in Sources */ = {isa = PBXBuildFile; fileRef = BE1C3863214C379300B53738 /* PaymentGateway.m */; };
		BE1C3867214FDF1100B53738 /* PaypalPaymentService.m in Sources */ = {isa = PBXBuildFile; fileRef = BE1C3866214FDF1100B53738 /* PaypalPaymentService.m */; };
		BE1C386A214FDF1B00B53738 /* StripePaymentService.m in Sources */ = {isa = PBXBuildFile; fileRef = BE1C3869214FDF1B00B53738 /* StripePaymentService.m */; };
		BE1C386D214FDF2600B53738 /* AmazonPaymentService.m in Sources */ = {isa = PBXBuildFile; fileRef = BE1C386C214FDF2600B53738 /* AmazonPaymentService.m */; };
		BE1C3870214FF0B500B53738 /* ApplePaymentService.m in Sources */ = {isa = PBXBuildFile; fileRef = BE1C386F214FF0B500B53738 /* ApplePaymentService.m */; };
/* End PBXBuildFile section */

/* Begin PBXCopyFilesBuildPhase section */
		BE1C3853214C212200B53738 /* CopyFiles */ = {
			isa = PBXCopyFilesBuildPhase;
			buildActionMask = 2147483647;
			dstPath = /usr/share/man/man1/;
			dstSubfolderSpec = 0;
			files = (
			);
			runOnlyForDeploymentPostprocessing = 1;
		};
/* End PBXCopyFilesBuildPhase section */

/* Begin PBXFileReference section */
		BE1C3855214C212200B53738 /* Lab10 */ = {isa = PBXFileReference; explicitFileType = "compiled.mach-o.executable"; includeInIndex = 0; path = Lab10; sourceTree = BUILT_PRODUCTS_DIR; };
		BE1C3858214C212200B53738 /* main.m */ = {isa = PBXFileReference; lastKnownFileType = sourcecode.c.objc; path = main.m; sourceTree = "<group>"; };
		BE1C385F214C320D00B53738 /* InputHandler.m */ = {isa = PBXFileReference; fileEncoding = 4; lastKnownFileType = sourcecode.c.objc; path = InputHandler.m; sourceTree = "<group>"; };
		BE1C3860214C320E00B53738 /* InputHandler.h */ = {isa = PBXFileReference; fileEncoding = 4; lastKnownFileType = sourcecode.c.h; path = InputHandler.h; sourceTree = "<group>"; };
		BE1C3862214C379300B53738 /* PaymentGateway.h */ = {isa = PBXFileReference; lastKnownFileType = sourcecode.c.h; path = PaymentGateway.h; sourceTree = "<group>"; };
		BE1C3863214C379300B53738 /* PaymentGateway.m */ = {isa = PBXFileReference; lastKnownFileType = sourcecode.c.objc; path = PaymentGateway.m; sourceTree = "<group>"; };
		BE1C3865214FDF1100B53738 /* PaypalPaymentService.h */ = {isa = PBXFileReference; lastKnownFileType = sourcecode.c.h; path = PaypalPaymentService.h; sourceTree = "<group>"; };
		BE1C3866214FDF1100B53738 /* PaypalPaymentService.m */ = {isa = PBXFileReference; lastKnownFileType = sourcecode.c.objc; path = PaypalPaymentService.m; sourceTree = "<group>"; };
		BE1C3868214FDF1B00B53738 /* StripePaymentService.h */ = {isa = PBXFileReference; lastKnownFileType = sourcecode.c.h; path = StripePaymentService.h; sourceTree = "<group>"; };
		BE1C3869214FDF1B00B53738 /* StripePaymentService.m */ = {isa = PBXFileReference; lastKnownFileType = sourcecode.c.objc; path = StripePaymentService.m; sourceTree = "<group>"; };
		BE1C386B214FDF2600B53738 /* AmazonPaymentService.h */ = {isa = PBXFileReference; lastKnownFileType = sourcecode.c.h; path = AmazonPaymentService.h; sourceTree = "<group>"; };
		BE1C386C214FDF2600B53738 /* AmazonPaymentService.m */ = {isa = PBXFileReference; lastKnownFileType = sourcecode.c.objc; path = AmazonPaymentService.m; sourceTree = "<group>"; };
		BE1C386E214FF0B500B53738 /* ApplePaymentService.h */ = {isa = PBXFileReference; lastKnownFileType = sourcecode.c.h; path = ApplePaymentService.h; sourceTree = "<group>"; };
		BE1C386F214FF0B500B53738 /* ApplePaymentService.m */ = {isa = PBXFileReference; lastKnownFileType = sourcecode.c.objc; path = ApplePaymentService.m; sourceTree = "<group>"; };
/* End PBXFileReference section */

/* Begin PBXFrameworksBuildPhase section */
		BE1C3852214C212200B53738 /* Frameworks */ = {
			isa = PBXFrameworksBuildPhase;
			buildActionMask = 2147483647;
			files = (
			);
			runOnlyForDeploymentPostprocessing = 0;
		};
/* End PBXFrameworksBuildPhase section */

/* Begin PBXGroup section */
		BE1C384C214C212200B53738 = {
			isa = PBXGroup;
			children = (
				BE1C3857214C212200B53738 /* Lab10 */,
				BE1C3856214C212200B53738 /* Products */,
			);
			sourceTree = "<group>";
		};
		BE1C3856214C212200B53738 /* Products */ = {
			isa = PBXGroup;
			children = (
				BE1C3855214C212200B53738 /* Lab10 */,
			);
			name = Products;
			sourceTree = "<group>";
		};
		BE1C3857214C212200B53738 /* Lab10 */ = {
			isa = PBXGroup;
			children = (
				BE1C3858214C212200B53738 /* main.m */,
				BE1C3862214C379300B53738 /* PaymentGateway.h */,
				BE1C3863214C379300B53738 /* PaymentGateway.m */,
				BE1C386B214FDF2600B53738 /* AmazonPaymentService.h */,
				BE1C386C214FDF2600B53738 /* AmazonPaymentService.m */,
				BE1C3865214FDF1100B53738 /* PaypalPaymentService.h */,
				BE1C3866214FDF1100B53738 /* PaypalPaymentService.m */,
				BE1C3868214FDF1B00B53738 /* StripePaymentService.h */,
				BE1C3869214FDF1B00B53738 /* StripePaymentService.m */,
				BE1C386E214FF0B500B53738 /* ApplePaymentService.h */,
				BE1C386F214FF0B500B53738 /* ApplePaymentService.m */,
				BE1C3860214C320E00B53738 /* InputHandler.h */,
				BE1C385F214C320D00B53738 /* InputHandler.m */,
			);
			path = Lab10;
			sourceTree = "<group>";
		};
/* End PBXGroup section */

/* Begin PBXNativeTarget section */
		BE1C3854214C212200B53738 /* Lab10 */ = {
			isa = PBXNativeTarget;
			buildConfigurationList = BE1C385C214C212200B53738 /* Build configuration list for PBXNativeTarget "Lab10" */;
			buildPhases = (
				BE1C3851214C212200B53738 /* Sources */,
				BE1C3852214C212200B53738 /* Frameworks */,
				BE1C3853214C212200B53738 /* CopyFiles */,
			);
			buildRules = (
			);
			dependencies = (
			);
			name = Lab10;
			productName = Lab10;
			productReference = BE1C3855214C212200B53738 /* Lab10 */;
			productType = "com.apple.product-type.tool";
		};
/* End PBXNativeTarget section */

/* Begin PBXProject section */
		BE1C384D214C212200B53738 /* Project object */ = {
			isa = PBXProject;
			attributes = {
				LastUpgradeCheck = 0940;
				ORGANIZATIONNAME = "Suelen Tanaka";
				TargetAttributes = {
					BE1C3854214C212200B53738 = {
						CreatedOnToolsVersion = 9.4.1;
					};
				};
			};
			buildConfigurationList = BE1C3850214C212200B53738 /* Build configuration list for PBXProject "Lab10" */;
			compatibilityVersion = "Xcode 9.3";
			developmentRegion = en;
			hasScannedForEncodings = 0;
			knownRegions = (
				en,
			);
			mainGroup = BE1C384C214C212200B53738;
			productRefGroup = BE1C3856214C212200B53738 /* Products */;
			projectDirPath = "";
			projectRoot = "";
			targets = (
				BE1C3854214C212200B53738 /* Lab10 */,
			);
		};
/* End PBXProject section */

/* Begin PBXSourcesBuildPhase section */
		BE1C3851214C212200B53738 /* Sources */ = {
			isa = PBXSourcesBuildPhase;
			buildActionMask = 2147483647;
			files = (
				BE1C386D214FDF2600B53738 /* AmazonPaymentService.m in Sources */,
				BE1C386A214FDF1B00B53738 /* StripePaymentService.m in Sources */,
				BE1C3864214C379300B53738 /* PaymentGateway.m in Sources */,
				BE1C3870214FF0B500B53738 /* ApplePaymentService.m in Sources */,
				BE1C3859214C212200B53738 /* main.m in Sources */,
				BE1C3861214C320E00B53738 /* InputHandler.m in Sources */,
				BE1C3867214FDF1100B53738 /* PaypalPaymentService.m in Sources */,
			);
			runOnlyForDeploymentPostprocessing = 0;
		};
/* End PBXSourcesBuildPhase section */

/* Begin XCBuildConfiguration section */
		BE1C385A214C212200B53738 /* Debug */ = {
			isa = XCBuildConfiguration;
			buildSettings = {
				ALWAYS_SEARCH_USER_PATHS = NO;
				CLANG_ANALYZER_NONNULL = YES;
				CLANG_ANALYZER_NUMBER_OBJECT_CONVERSION = YES_AGGRESSIVE;
				CLANG_CXX_LANGUAGE_STANDARD = "gnu++14";
				CLANG_CXX_LIBRARY = "libc++";
				CLANG_ENABLE_MODULES = YES;
				CLANG_ENABLE_OBJC_ARC = YES;
				CLANG_ENABLE_OBJC_WEAK = YES;
				CLANG_WARN_BLOCK_CAPTURE_AUTORELEASING = YES;
				CLANG_WARN_BOOL_CONVERSION = YES;
				CLANG_WARN_COMMA = YES;
				CLANG_WARN_CONSTANT_CONVERSION = YES;
				CLANG_WARN_DEPRECATED_OBJC_IMPLEMENTATIONS = YES;
				CLANG_WARN_DIRECT_OBJC_ISA_USAGE = YES_ERROR;
				CLANG_WARN_DOCUMENTATION_COMMENTS = YES;
				CLANG_WARN_EMPTY_BODY = YES;
				CLANG_WARN_ENUM_CONVERSION = YES;
				CLANG_WARN_INFINITE_RECURSION = YES;
				CLANG_WARN_INT_CONVERSION = YES;
				CLANG_WARN_NON_LITERAL_NULL_CONVERSION = YES;
				CLANG_WARN_OBJC_IMPLICIT_RETAIN_SELF = YES;
				CLANG_WARN_OBJC_LITERAL_CONVERSION = YES;
				CLANG_WARN_OBJC_ROOT_CLASS = YES_ERROR;
				CLANG_WARN_RANGE_LOOP_ANALYSIS = YES;
				CLANG_WARN_STRICT_PROTOTYPES = YES;
				CLANG_WARN_SUSPICIOUS_MOVE = YES;
				CLANG_WARN_UNGUARDED_AVAILABILITY = YES_AGGRESSIVE;
				CLANG_WARN_UNREACHABLE_CODE = YES;
				CLANG_WARN__DUPLICATE_METHOD_MATCH = YES;
				CODE_SIGN_IDENTITY = "-";
				COPY_PHASE_STRIP = NO;
				DEBUG_INFORMATION_FORMAT = dwarf;
				ENABLE_STRICT_OBJC_MSGSEND = YES;
				ENABLE_TESTABILITY = YES;
				GCC_C_LANGUAGE_STANDARD = gnu11;
				GCC_DYNAMIC_NO_PIC = NO;
				GCC_NO_COMMON_BLOCKS = YES;
				GCC_OPTIMIZATION_LEVEL = 0;
				GCC_PREPROCESSOR_DEFINITIONS = (
					"DEBUG=1",
					"$(inherited)",
				);
				GCC_WARN_64_TO_32_BIT_CONVERSION = YES;
				GCC_WARN_ABOUT_RETURN_TYPE = YES_ERROR;
				GCC_WARN_UNDECLARED_SELECTOR = YES;
				GCC_WARN_UNINITIALIZED_AUTOS = YES_AGGRESSIVE;
				GCC_WARN_UNUSED_FUNCTION = YES;
				GCC_WARN_UNUSED_VARIABLE = YES;
				MACOSX_DEPLOYMENT_TARGET = 10.13;
				MTL_ENABLE_DEBUG_INFO = YES;
				ONLY_ACTIVE_ARCH = YES;
				SDKROOT = macosx;
			};
			name = Debug;
		};
		BE1C385B214C212200B53738 /* Release */ = {
			isa = XCBuildConfiguration;
			buildSettings = {
				ALWAYS_SEARCH_USER_PATHS = NO;
				CLANG_ANALYZER_NONNULL = YES;
				CLANG_ANALYZER_NUMBER_OBJECT_CONVERSION = YES_AGGRESSIVE;
				CLANG_CXX_LANGUAGE_STANDARD = "gnu++14";
				CLANG_CXX_LIBRARY = "libc++";
				CLANG_ENABLE_MODULES = YES;
				CLANG_ENABLE_OBJC_ARC = YES;
				CLANG_ENABLE_OBJC_WEAK = YES;
				CLANG_WARN_BLOCK_CAPTURE_AUTORELEASING = YES;
				CLANG_WARN_BOOL_CONVERSION = YES;
				CLANG_WARN_COMMA = YES;
				CLANG_WARN_CONSTANT_CONVERSION = YES;
				CLANG_WARN_DEPRECATED_OBJC_IMPLEMENTATIONS = YES;
				CLANG_WARN_DIRECT_OBJC_ISA_USAGE = YES_ERROR;
				CLANG_WARN_DOCUMENTATION_COMMENTS = YES;
				CLANG_WARN_EMPTY_BODY = YES;
				CLANG_WARN_ENUM_CONVERSION = YES;
				CLANG_WARN_INFINITE_RECURSION = YES;
				CLANG_WARN_INT_CONVERSION = YES;
				CLANG_WARN_NON_LITERAL_NULL_CONVERSION = YES;
				CLANG_WARN_OBJC_IMPLICIT_RETAIN_SELF = YES;
				CLANG_WARN_OBJC_LITERAL_CONVERSION = YES;
				CLANG_WARN_OBJC_ROOT_CLASS = YES_ERROR;
				CLANG_WARN_RANGE_LOOP_ANALYSIS = YES;
				CLANG_WARN_STRICT_PROTOTYPES = YES;
				CLANG_WARN_SUSPICIOUS_MOVE = YES;
				CLANG_WARN_UNGUARDED_AVAILABILITY = YES_AGGRESSIVE;
				CLANG_WARN_UNREACHABLE_CODE = YES;
				CLANG_WARN__DUPLICATE_METHOD_MATCH = YES;
				CODE_SIGN_IDENTITY = "-";
				COPY_PHASE_STRIP = NO;
				DEBUG_INFORMATION_FORMAT = "dwarf-with-dsym";
				ENABLE_NS_ASSERTIONS = NO;
				ENABLE_STRICT_OBJC_MSGSEND = YES;
				GCC_C_LANGUAGE_STANDARD = gnu11;
				GCC_NO_COMMON_BLOCKS = YES;
				GCC_WARN_64_TO_32_BIT_CONVERSION = YES;
				GCC_WARN_ABOUT_RETURN_TYPE = YES_ERROR;
				GCC_WARN_UNDECLARED_SELECTOR = YES;
				GCC_WARN_UNINITIALIZED_AUTOS = YES_AGGRESSIVE;
				GCC_WARN_UNUSED_FUNCTION = YES;
				GCC_WARN_UNUSED_VARIABLE = YES;
				MACOSX_DEPLOYMENT_TARGET = 10.13;
				MTL_ENABLE_DEBUG_INFO = NO;
				SDKROOT = macosx;
			};
			name = Release;
		};
		BE1C385D214C212200B53738 /* Debug */ = {
			isa = XCBuildConfiguration;
			buildSettings = {
				CODE_SIGN_STYLE = Automatic;
				PRODUCT_NAME = "$(TARGET_NAME)";
			};
			name = Debug;
		};
		BE1C385E214C212200B53738 /* Release */ = {
			isa = XCBuildConfiguration;
			buildSettings = {
				CODE_SIGN_STYLE = Automatic;
				PRODUCT_NAME = "$(TARGET_NAME)";
			};
			name = Release;
		};
/* End XCBuildConfiguration section */

/* Begin XCConfigurationList section */
		BE1C3850214C212200B53738 /* Build configuration list for PBXProject "Lab10" */ = {
			isa = XCConfigurationList;
			buildConfigurations = (
				BE1C385A214C212200B53738 /* Debug */,
				BE1C385B214C212200B53738 /* Release */,
			);
			defaultConfigurationIsVisible = 0;
			defaultConfigurationName = Release;
		};
		BE1C385C214C212200B53738 /* Build configuration list for PBXNativeTarget "Lab10" */ = {
			isa = XCConfigurationList;
			buildConfigurations = (
				BE1C385D214C212200B53738 /* Debug */,
				BE1C385E214C212200B53738 /* Release */,
			);
			defaultConfigurationIsVisible = 0;
			defaultConfigurationName = Release;
		};
/* End XCConfigurationList section */
	};
	rootObject = BE1C384D214C212200B53738 /* Project object */;
}
